dependencies:
- name: duo-backend
  repository: file://../backend/duo-backend
  version: 0.1.0
- name: duo-frontend
  repository: file://../frontend/duo-frontend
  version: 0.1.0
- name: duo-factory
  repository: file://../factory/duo-factory
  version: 0.1.0
- name: rabbitmq
  repository: https://charts.bitnami.com/bitnami
  version: 14.4.2
- name: postgresql
  repository: https://charts.bitnami.com/bitnami
  version: 15.5.11
digest: sha256:18cdc49fc5e124885be48e04be45735f409e7db221d01cccaf831c3f1a2bc834
generated: "2024-07-01T13:15:42.265599+02:00"
