dependencies:
- name: duo-backend
  repository: file://../backend/duo-backend
  version: 0.3.0
- name: duo-frontend
  repository: file://../frontend/duo-frontend
  version: 0.1.1
- name: duo-frontend
  repository: file://../frontend/duo-frontend
  version: 0.1.1
- name: duo-factory
  repository: file://../factory/duo-factory
  version: 0.2.0
- name: rabbitmq
  repository: file://../rabbitmq/rabbitmq
  version: 0.2.0
- name: duo-scheduler-backend
  repository: file://../scheduler-backend/duo-scheduler-backend
  version: 0.2.0
- name: duo-scheduler-frontend
  repository: file://../scheduler-frontend/duo-scheduler-frontend
  version: 0.1.0
- name: duo-gateway
  repository: file://../gateway/duo-gateway
  version: 0.1.0
digest: sha256:bfdce365bcdd5a9a06ffb7b58855ffea7c2ccd40f92a21115b90ab2c66ebae4e
generated: "2026-10-08T15:21:05.290896348Z"
